
Microsoft Visual Studio Solution File, Format Version 12.00
# Visual Studio 2013
VisualStudioVersion = 12.0.21005.1
MinimumVisualStudioVersion = 10.0.40219.1
Project("{8BC9CEB8-8B4A-11D0-8D11-00A0C91BC942}") = "1. MainOOPproject", "MainOOPproject\MainOOPproject.vcxproj", "{4F9EFE3E-771E-45EF-A134-9D1564396FAC}"
EndProject
Project("{8BC9CEB8-8B4A-11D0-8D11-00A0C91BC942}") = "2. OOP3R", "OOP3R\OOP3r.vcxproj", "{AA35E246-090A-43FC-8323-4D0A6858E89F}"
EndProject
Project("{8BC9CEB8-8B4A-11D0-8D11-00A0C91BC942}") = "3. MainOOP", "MainOOP\MainOOP.vcxproj", "{27FA6FEB-FA76-404A-82B0-BA53FFF1F4EE}"
EndProject
Project("{8BC9CEB8-8B4A-11D0-8D11-00A0C91BC942}") = "4. OOP6R", "4. OOP6R\4. OOP6R.vcxproj", "{AD07211D-40C0-40D9-9D7C-29D01265D555}"
EndProject
Global
	GlobalSection(SolutionConfigurationPlatforms) = preSolution
		Debug|Win32 = Debug|Win32
		Release|Win32 = Release|Win32
	EndGlobalSection
	GlobalSection(ProjectConfigurationPlatforms) = postSolution
		{4F9EFE3E-771E-45EF-A134-9D1564396FAC}.Debug|Win32.ActiveCfg = Debug|Win32
		{4F9EFE3E-771E-45EF-A134-9D1564396FAC}.Debug|Win32.Build.0 = Debug|Win32
		{4F9EFE3E-771E-45EF-A134-9D1564396FAC}.Release|Win32.ActiveCfg = Release|Win32
		{4F9EFE3E-771E-45EF-A134-9D1564396FAC}.Release|Win32.Build.0 = Release|Win32
		{AA35E246-090A-43FC-8323-4D0A6858E89F}.Debug|Win32.ActiveCfg = Debug|Win32
		{AA35E246-090A-43FC-8323-4D0A6858E89F}.Debug|Win32.Build.0 = Debug|Win32
		{AA35E246-090A-43FC-8323-4D0A6858E89F}.Release|Win32.ActiveCfg = Release|Win32
		{AA35E246-090A-43FC-8323-4D0A6858E89F}.Release|Win32.Build.0 = Release|Win32
		{27FA6FEB-FA76-404A-82B0-BA53FFF1F4EE}.Debug|Win32.ActiveCfg = Debug|Win32
		{27FA6FEB-FA76-404A-82B0-BA53FFF1F4EE}.Debug|Win32.Build.0 = Debug|Win32
		{27FA6FEB-FA76-404A-82B0-BA53FFF1F4EE}.Release|Win32.ActiveCfg = Release|Win32
		{27FA6FEB-FA76-404A-82B0-BA53FFF1F4EE}.Release|Win32.Build.0 = Release|Win32
		{AD07211D-40C0-40D9-9D7C-29D01265D555}.Debug|Win32.ActiveCfg = Debug|Win32
		{AD07211D-40C0-40D9-9D7C-29D01265D555}.Debug|Win32.Build.0 = Debug|Win32
		{AD07211D-40C0-40D9-9D7C-29D01265D555}.Release|Win32.ActiveCfg = Release|Win32
		{AD07211D-40C0-40D9-9D7C-29D01265D555}.Release|Win32.Build.0 = Release|Win32
	EndGlobalSection
	GlobalSection(SolutionProperties) = preSolution
		HideSolutionNode = FALSE
	EndGlobalSection
EndGlobal
